Microsoft Visual Studio Solution File, Format Version 12.00
# Visual Studio Version 17
VisualStudioVersion = 17.5.2.0
MinimumVisualStudioVersion = 10.0.40219.1
Project("{FAE04EC0-301F-11D3-BF4B-00C04F79EFBC}") = "repo3", "repo3.csproj", "{5BFA9B67-16C3-B115-CFE6-EDE87A4569B9}"
EndProject
Global
	GlobalSection(SolutionConfigurationPlatforms) = preSolution
		Debug|Any CPU = Debug|Any CPU
		Release|Any CPU = Release|Any CPU
	EndGlobalSection
	GlobalSection(ProjectConfigurationPlatforms) = postSolution
		{5BFA9B67-16C3-B115-CFE6-EDE87A4569B9}.Debug|Any CPU.ActiveCfg = Debug|Any CPU
		{5BFA9B67-16C3-B115-CFE6-EDE87A4569B9}.Debug|Any CPU.Build.0 = Debug|Any CPU
		{5BFA9B67-16C3-B115-CFE6-EDE87A4569B9}.Release|Any CPU.ActiveCfg = Release|Any CPU
		{5BFA9B67-16C3-B115-CFE6-EDE87A4569B9}.Release|Any CPU.Build.0 = Release|Any CPU
	EndGlobalSection
	GlobalSection(SolutionProperties) = preSolution
		HideSolutionNode = FALSE
	EndGlobalSection
	GlobalSection(ExtensibilityGlobals) = postSolution
		SolutionGuid = {EA53D620-F626-4E75-B1FC-EF2DB84FD09F}
	EndGlobalSection
EndGlobal
